# This file was autogenerated by Stack.
# You should not edit this file by hand.
# For more information, please see the documentation at:
#   https://docs.haskellstack.org/en/stable/lock_files

packages: []
snapshots:
- completed:
    size: 510461
    url: https://raw.githubusercontent.com/commercialhaskell/stackage-snapshots/master/nightly/2020/7/13.yaml
    sha256: cac791faa45f897561f1157607aaf682ab1c7c48bda8266be3ab909d77b7c11a
  original: nightly-2020-07-13
